<?xml version="1.0" encoding="utf-8"?>
<Project ToolsVersion="4.0" xmlns="http://schemas.microsoft.com/developer/msbuild/2003">
  <ItemGroup>
    <Filter Include="tests">
      <UniqueIdentifier>{78756B10-E489-93C1-AD0B-372119DF8FF2}</UniqueIdentifier>
    </Filter>
    <Filter Include="tests\particle">
      <UniqueIdentifier>{9B7CE46E-874A-D874-70DE-489B5C4BB4D9}</UniqueIdentifier>
    </Filter>
  </ItemGroup>
  <ItemGroup>
    <ClInclude Include="src\Color.h" />
    <ClInclude Include="src\GameLayer.h" />
    <ClInclude Include="src\Level.h" />
    <ClInclude Include="src\ParticleSystem.h" />
    <ClInclude Include="src\Player.h" />
    <ClInclude Include="src\Random.h" />
    <ClInclude Include="src\Sandbox2D.h" />
    <ClInclude Include="src\tests\particle\Particle.h">
      <Filter>tests\particle</Filter>
    </ClInclude>
  </ItemGroup>
  <ItemGroup>
    <ClCompile Include="src\GameLayer.cpp" />
    <ClCompile Include="src\Level.cpp" />
    <ClCompile Include="src\ParticleSystem.cpp" />
    <ClCompile Include="src\Player.cpp" />
    <ClCompile Include="src\Random.cpp" />
    <ClCompile Include="src\Sandbox2D.cpp" />
    <ClCompile Include="src\SandboxApp.cpp" />
    <ClCompile Include="src\tests\particle\Particle.cpp">
      <Filter>tests\particle</Filter>
    </ClCompile>
  </ItemGroup>
</Project>