<?xml version="1.0" encoding="utf-8"?>
<Project ToolsVersion="4.0" xmlns="http://schemas.microsoft.com/developer/msbuild/2003">
  <ItemGroup>
    <Filter Include="common">
      <UniqueIdentifier>{AEFEE3F6-9AA0-0ECD-835B-22216F9C951D}</UniqueIdentifier>
    </Filter>
    <Filter Include="common\imgui">
      <UniqueIdentifier>{98D6CB64-8439-5B09-2DBF-93BF1901278C}</UniqueIdentifier>
    </Filter>
    <Filter Include="common\stb_image">
      <UniqueIdentifier>{C860374C-B459-569E-DD8B-3B23C9E335AA}</UniqueIdentifier>
    </Filter>
    <Filter Include="common\tests">
      <UniqueIdentifier>{10B48E65-FC16-1E0A-A59C-56C091DEE98C}</UniqueIdentifier>
    </Filter>
    <Filter Include="vendor">
      <UniqueIdentifier>{B3738122-9F15-ACF8-88D0-BF4C74113349}</UniqueIdentifier>
    </Filter>
  </ItemGroup>
  <ItemGroup>
    <ClInclude Include="common\imgui\imconfig.h">
      <Filter>common\imgui</Filter>
    </ClInclude>
    <ClInclude Include="common\imgui\imgui.h">
      <Filter>common\imgui</Filter>
    </ClInclude>
    <ClInclude Include="common\imgui\imgui_impl_glfw_gl3.h">
      <Filter>common\imgui</Filter>
    </ClInclude>
    <ClInclude Include="common\imgui\imgui_internal.h">
      <Filter>common\imgui</Filter>
    </ClInclude>
    <ClInclude Include="common\imgui\stb_rect_pack.h">
      <Filter>common\imgui</Filter>
    </ClInclude>
    <ClInclude Include="common\imgui\stb_textedit.h">
      <Filter>common\imgui</Filter>
    </ClInclude>
    <ClInclude Include="common\imgui\stb_truetype.h">
      <Filter>common\imgui</Filter>
    </ClInclude>
    <ClInclude Include="common\stb_image\stb_image.h">
      <Filter>common\stb_image</Filter>
    </ClInclude>
    <ClInclude Include="common\tests\Test.h">
      <Filter>common\tests</Filter>
    </ClInclude>
    <ClInclude Include="common\tests\TestBatchRenderer.h">
      <Filter>common\tests</Filter>
    </ClInclude>
    <ClInclude Include="vendor\Shader.h">
      <Filter>vendor</Filter>
    </ClInclude>
    <ClInclude Include="vendor\SysConf.h">
      <Filter>vendor</Filter>
    </ClInclude>
  </ItemGroup>
  <ItemGroup>
    <ClCompile Include="common\imgui\imgui.cpp">
      <Filter>common\imgui</Filter>
    </ClCompile>
    <ClCompile Include="common\imgui\imgui_demo.cpp">
      <Filter>common\imgui</Filter>
    </ClCompile>
    <ClCompile Include="common\imgui\imgui_draw.cpp">
      <Filter>common\imgui</Filter>
    </ClCompile>
    <ClCompile Include="common\imgui\imgui_impl_glfw_gl3.cpp">
      <Filter>common\imgui</Filter>
    </ClCompile>
    <ClCompile Include="common\stb_image\stb_image.cpp">
      <Filter>common\stb_image</Filter>
    </ClCompile>
    <ClCompile Include="common\tests\Test.cpp">
      <Filter>common\tests</Filter>
    </ClCompile>
    <ClCompile Include="common\tests\TestBatchRenderer.cpp">
      <Filter>common\tests</Filter>
    </ClCompile>
    <ClCompile Include="main.cpp" />
    <ClCompile Include="vendor\Shader.cpp">
      <Filter>vendor</Filter>
    </ClCompile>
    <ClCompile Include="vendor\SysConf.cpp">
      <Filter>vendor</Filter>
    </ClCompile>
  </ItemGroup>
</Project>