<?xml version="1.0" encoding="utf-8"?>
<Project ToolsVersion="4.0" xmlns="http://schemas.microsoft.com/developer/msbuild/2003">
  <ItemGroup>
    <Filter Include="platform">
      <UniqueIdentifier>{4A63C33C-3630-1E48-5F49-0CF04B7553D6}</UniqueIdentifier>
    </Filter>
    <Filter Include="platform\opengl">
      <UniqueIdentifier>{9E4DBFD0-0AD9-2C95-13EA-AF897FF48895}</UniqueIdentifier>
    </Filter>
    <Filter Include="platform\windows">
      <UniqueIdentifier>{A44FC440-9048-E392-B97A-C817A5D2C29E}</UniqueIdentifier>
    </Filter>
    <Filter Include="stuff">
      <UniqueIdentifier>{4D9D6110-B9B1-89C1-8233-2D21EE0686F2}</UniqueIdentifier>
    </Filter>
    <Filter Include="stuff\events">
      <UniqueIdentifier>{B1C4B63E-9D27-46E3-46AD-7E9932EF1166}</UniqueIdentifier>
    </Filter>
    <Filter Include="stuff\imgui">
      <UniqueIdentifier>{77B0F328-E365-6C1E-6C5A-66F5D80E6322}</UniqueIdentifier>
    </Filter>
  </ItemGroup>
  <ItemGroup>
    <ClInclude Include="src\Some.h" />
    <ClInclude Include="src\platform\windows\WindowsInput.h">
      <Filter>platform\windows</Filter>
    </ClInclude>
    <ClInclude Include="src\platform\windows\WindowsWindow.h">
      <Filter>platform\windows</Filter>
    </ClInclude>
    <ClInclude Include="src\sopch.h" />
    <ClInclude Include="src\stuff\Application.h">
      <Filter>stuff</Filter>
    </ClInclude>
    <ClInclude Include="src\stuff\Core.h">
      <Filter>stuff</Filter>
    </ClInclude>
    <ClInclude Include="src\stuff\EntryPoint.h">
      <Filter>stuff</Filter>
    </ClInclude>
    <ClInclude Include="src\stuff\Input.h">
      <Filter>stuff</Filter>
    </ClInclude>
    <ClInclude Include="src\stuff\KeyCodes.h">
      <Filter>stuff</Filter>
    </ClInclude>
    <ClInclude Include="src\stuff\Layer.h">
      <Filter>stuff</Filter>
    </ClInclude>
    <ClInclude Include="src\stuff\LayerStack.h">
      <Filter>stuff</Filter>
    </ClInclude>
    <ClInclude Include="src\stuff\Log.h">
      <Filter>stuff</Filter>
    </ClInclude>
    <ClInclude Include="src\stuff\MouseButtonCodes.h">
      <Filter>stuff</Filter>
    </ClInclude>
    <ClInclude Include="src\stuff\Window.h">
      <Filter>stuff</Filter>
    </ClInclude>
    <ClInclude Include="src\stuff\events\ApplicationEvent.h">
      <Filter>stuff\events</Filter>
    </ClInclude>
    <ClInclude Include="src\stuff\events\Event.h">
      <Filter>stuff\events</Filter>
    </ClInclude>
    <ClInclude Include="src\stuff\events\KeyEvent.h">
      <Filter>stuff\events</Filter>
    </ClInclude>
    <ClInclude Include="src\stuff\events\MouseEvent.h">
      <Filter>stuff\events</Filter>
    </ClInclude>
    <ClInclude Include="src\stuff\imgui\ImGuiLayer.h">
      <Filter>stuff\imgui</Filter>
    </ClInclude>
  </ItemGroup>
  <ItemGroup>
    <ClCompile Include="src\platform\windows\WindowsInpu.cpp">
      <Filter>platform\windows</Filter>
    </ClCompile>
    <ClCompile Include="src\platform\windows\WindowsWindow.cpp">
      <Filter>platform\windows</Filter>
    </ClCompile>
    <ClCompile Include="src\sopch.cpp" />
    <ClCompile Include="src\stuff\Application.cpp">
      <Filter>stuff</Filter>
    </ClCompile>
    <ClCompile Include="src\stuff\Layer.cpp">
      <Filter>stuff</Filter>
    </ClCompile>
    <ClCompile Include="src\stuff\LayerStack.cpp">
      <Filter>stuff</Filter>
    </ClCompile>
    <ClCompile Include="src\stuff\Log.cpp">
      <Filter>stuff</Filter>
    </ClCompile>
    <ClCompile Include="src\stuff\imgui\ImGuiLayer.cpp">
      <Filter>stuff\imgui</Filter>
    </ClCompile>
    <ClCompile Include="src\stuff\imgui\ImGuiBuild.cpp">
      <Filter>stuff\imgui</Filter>
    </ClCompile>
  </ItemGroup>
</Project>